
Microsoft Visual Studio Solution File, Format Version 12.00
# Visual Studio Version 17
VisualStudioVersion = 17.11.35312.102
MinimumVisualStudioVersion = 10.0.40219.1
Project("{FAE04EC0-301F-11D3-BF4B-00C04F79EFBC}") = "RPA.SearchTop10ProductsAmazon", "RPA.SearchTop10ProductsAmazon\RPA.SearchTop10ProductsAmazon.csproj", "{D26DA94D-9395-4C09-8B4C-C5D1F4E06B99}"
EndProject
Global
	GlobalSection(SolutionConfigurationPlatforms) = preSolution
		Debug|Any CPU = Debug|Any CPU
		Release|Any CPU = Release|Any CPU
	EndGlobalSection
	GlobalSection(ProjectConfigurationPlatforms) = postSolution
		{D26DA94D-9395-4C09-8B4C-C5D1F4E06B99}.Debug|Any CPU.ActiveCfg = Debug|Any CPU
		{D26DA94D-9395-4C09-8B4C-C5D1F4E06B99}.Debug|Any CPU.Build.0 = Debug|Any CPU
		{D26DA94D-9395-4C09-8B4C-C5D1F4E06B99}.Release|Any CPU.ActiveCfg = Release|Any CPU
		{D26DA94D-9395-4C09-8B4C-C5D1F4E06B99}.Release|Any CPU.Build.0 = Release|Any CPU
	EndGlobalSection
	GlobalSection(SolutionProperties) = preSolution
		HideSolutionNode = FALSE
	EndGlobalSection
	GlobalSection(ExtensibilityGlobals) = postSolution
		SolutionGuid = {265BEDEA-ACF7-453D-987E-121BE7092D84}
	EndGlobalSection
EndGlobal
